// !$*UTF8*$!
{
	archiveVersion = 1;
	classes = {
	};
	objectVersion = 50;
	objects = {

/* Begin PBXBuildFile section */
		5538D32124BD34EB002D7F39 /* AppDelegate.swift in Sources */ = {isa = PBXBuildFile; fileRef = 5538D32024BD34EB002D7F39 /* AppDelegate.swift */; };
		5538D32324BD34EB002D7F39 /* SceneDelegate.swift in Sources */ = {isa = PBXBuildFile; fileRef = 5538D32224BD34EB002D7F39 /* SceneDelegate.swift */; };
		5538D32824BD34EB002D7F39 /* Main.storyboard in Resources */ = {isa = PBXBuildFile; fileRef = 5538D32624BD34EB002D7F39 /* Main.storyboard */; };
		5538D32B24BD34EB002D7F39 /* To_Do_List.xcdatamodeld in Sources */ = {isa = PBXBuildFile; fileRef = 5538D32924BD34EB002D7F39 /* To_Do_List.xcdatamodeld */; };
		5538D32D24BD34EC002D7F39 /* Assets.xcassets in Resources */ = {isa = PBXBuildFile; fileRef = 5538D32C24BD34EC002D7F39 /* Assets.xcassets */; };
		5538D33024BD34EC002D7F39 /* LaunchScreen.storyboard in Resources */ = {isa = PBXBuildFile; fileRef = 5538D32E24BD34EC002D7F39 /* LaunchScreen.storyboard */; };
		5538D33824BD3711002D7F39 /* ToDoTableViewController.swift in Sources */ = {isa = PBXBuildFile; fileRef = 5538D33724BD3711002D7F39 /* ToDoTableViewController.swift */; };
		5538D33A24BD3773002D7F39 /* ToDo.swift in Sources */ = {isa = PBXBuildFile; fileRef = 5538D33924BD3773002D7F39 /* ToDo.swift */; };
		5538D33C24BD4172002D7F39 /* AddToDoViewController.swift in Sources */ = {isa = PBXBuildFile; fileRef = 5538D33B24BD4172002D7F39 /* AddToDoViewController.swift */; };
		5538D33E24BD4A17002D7F39 /* CompleteToDoViewController.swift in Sources */ = {isa = PBXBuildFile; fileRef = 5538D33D24BD4A17002D7F39 /* CompleteToDoViewController.swift */; };
/* End PBXBuildFile section */

/* Begin PBXFileReference section */
		5538D31D24BD34EB002D7F39 /* To Do List.app */ = {isa = PBXFileReference; explicitFileType = wrapper.application; includeInIndex = 0; path = "To Do List.app"; sourceTree = BUILT_PRODUCTS_DIR; };
		5538D32024BD34EB002D7F39 /* AppDelegate.swift */ = {isa = PBXFileReference; lastKnownFileType = sourcecode.swift; path = AppDelegate.swift; sourceTree = "<group>"; };
		5538D32224BD34EB002D7F39 /* SceneDelegate.swift */ = {isa = PBXFileReference; lastKnownFileType = sourcecode.swift; path = SceneDelegate.swift; sourceTree = "<group>"; };
		5538D32724BD34EB002D7F39 /* Base */ = {isa = PBXFileReference; lastKnownFileType = file.storyboard; name = Base; path = Base.lproj/Main.storyboard; sourceTree = "<group>"; };
		5538D32A24BD34EB002D7F39 /* To_Do_List.xcdatamodel */ = {isa = PBXFileReference; lastKnownFileType = wrapper.xcdatamodel; path = To_Do_List.xcdatamodel; sourceTree = "<group>"; };
		5538D32C24BD34EC002D7F39 /* Assets.xcassets */ = {isa = PBXFileReference; lastKnownFileType = folder.assetcatalog; path = Assets.xcassets; sourceTree = "<group>"; };
		5538D32F24BD34EC002D7F39 /* Base */ = {isa = PBXFileReference; lastKnownFileType = file.storyboard; name = Base; path = Base.lproj/LaunchScreen.storyboard; sourceTree = "<group>"; };
		5538D33124BD34EC002D7F39 /* Info.plist */ = {isa = PBXFileReference; lastKnownFileType = text.plist.xml; path = Info.plist; sourceTree = "<group>"; };
		5538D33724BD3711002D7F39 /* ToDoTableViewController.swift */ = {isa = PBXFileReference; lastKnownFileType = sourcecode.swift; path = ToDoTableViewController.swift; sourceTree = "<group>"; };
		5538D33924BD3773002D7F39 /* ToDo.swift */ = {isa = PBXFileReference; lastKnownFileType = sourcecode.swift; path = ToDo.swift; sourceTree = "<group>"; };
		5538D33B24BD4172002D7F39 /* AddToDoViewController.swift */ = {isa = PBXFileReference; lastKnownFileType = sourcecode.swift; path = AddToDoViewController.swift; sourceTree = "<group>"; };
		5538D33D24BD4A17002D7F39 /* CompleteToDoViewController.swift */ = {isa = PBXFileReference; lastKnownFileType = sourcecode.swift; path = CompleteToDoViewController.swift; sourceTree = "<group>"; };
/* End PBXFileReference section */

/* Begin PBXFrameworksBuildPhase section */
		5538D31A24BD34EB002D7F39 /* Frameworks */ = {
			isa = PBXFrameworksBuildPhase;
			buildActionMask = 2147483647;
			files = (
			);
			runOnlyForDeploymentPostprocessing = 0;
		};
/* End PBXFrameworksBuildPhase section */

/* Begin PBXGroup section */
		5538D31424BD34EB002D7F39 = {
			isa = PBXGroup;
			children = (
				5538D31F24BD34EB002D7F39 /* To Do List */,
				5538D31E24BD34EB002D7F39 /* Products */,
			);
			sourceTree = "<group>";
		};
		5538D31E24BD34EB002D7F39 /* Products */ = {
			isa = PBXGroup;
			children = (
				5538D31D24BD34EB002D7F39 /* To Do List.app */,
			);
			name = Products;
			sourceTree = "<group>";
		};
		5538D31F24BD34EB002D7F39 /* To Do List */ = {
			isa = PBXGroup;
			children = (
				5538D32024BD34EB002D7F39 /* AppDelegate.swift */,
				5538D32224BD34EB002D7F39 /* SceneDelegate.swift */,
				5538D33924BD3773002D7F39 /* ToDo.swift */,
				5538D33B24BD4172002D7F39 /* AddToDoViewController.swift */,
				5538D33724BD3711002D7F39 /* ToDoTableViewController.swift */,
				5538D33D24BD4A17002D7F39 /* CompleteToDoViewController.swift */,
				5538D32624BD34EB002D7F39 /* Main.storyboard */,
				5538D32C24BD34EC002D7F39 /* Assets.xcassets */,
				5538D32E24BD34EC002D7F39 /* LaunchScreen.storyboard */,
				5538D33124BD34EC002D7F39 /* Info.plist */,
				5538D32924BD34EB002D7F39 /* To_Do_List.xcdatamodeld */,
			);
			path = "To Do List";
			sourceTree = "<group>";
		};
/* End PBXGroup section */

/* Begin PBXNativeTarget section */
		5538D31C24BD34EB002D7F39 /* To Do List */ = {
			isa = PBXNativeTarget;
			buildConfigurationList = 5538D33424BD34EC002D7F39 /* Build configuration list for PBXNativeTarget "To Do List" */;
			buildPhases = (
				5538D31924BD34EB002D7F39 /* Sources */,
				5538D31A24BD34EB002D7F39 /* Frameworks */,
				5538D31B24BD34EB002D7F39 /* Resources */,
			);
			buildRules = (
			);
			dependencies = (
			);
			name = "To Do List";
			productName = "To Do List";
			productReference = 5538D31D24BD34EB002D7F39 /* To Do List.app */;
			productType = "com.apple.product-type.application";
		};
/* End PBXNativeTarget section */

/* Begin PBXProject section */
		5538D31524BD34EB002D7F39 /* Project object */ = {
			isa = PBXProject;
			attributes = {
				LastSwiftUpdateCheck = 1150;
				LastUpgradeCheck = 1150;
				ORGANIZATIONNAME = "Liana Adaza";
				TargetAttributes = {
					5538D31C24BD34EB002D7F39 = {
						CreatedOnToolsVersion = 11.5;
					};
				};
			};
			buildConfigurationList = 5538D31824BD34EB002D7F39 /* Build configuration list for PBXProject "To Do List" */;
			compatibilityVersion = "Xcode 9.3";
			developmentRegion = en;
			hasScannedForEncodings = 0;
			knownRegions = (
				en,
				Base,
			);
			mainGroup = 5538D31424BD34EB002D7F39;
			productRefGroup = 5538D31E24BD34EB002D7F39 /* Products */;
			projectDirPath = "";
			projectRoot = "";
			targets = (
				5538D31C24BD34EB002D7F39 /* To Do List */,
			);
		};
/* End PBXProject section */

/* Begin PBXResourcesBuildPhase section */
		5538D31B24BD34EB002D7F39 /* Resources */ = {
			isa = PBXResourcesBuildPhase;
			buildActionMask = 2147483647;
			files = (
				5538D33024BD34EC002D7F39 /* LaunchScreen.storyboard in Resources */,
				5538D32D24BD34EC002D7F39 /* Assets.xcassets in Resources */,
				5538D32824BD34EB002D7F39 /* Main.storyboard in Resources */,
			);
			runOnlyForDeploymentPostprocessing = 0;
		};
/* End PBXResourcesBuildPhase section */

/* Begin PBXSourcesBuildPhase section */
		5538D31924BD34EB002D7F39 /* Sources */ = {
			isa = PBXSourcesBuildPhase;
			buildActionMask = 2147483647;
			files = (
				5538D32124BD34EB002D7F39 /* AppDelegate.swift in Sources */,
				5538D33A24BD3773002D7F39 /* ToDo.swift in Sources */,
				5538D33824BD3711002D7F39 /* ToDoTableViewController.swift in Sources */,
				5538D33E24BD4A17002D7F39 /* CompleteToDoViewController.swift in Sources */,
				5538D32324BD34EB002D7F39 /* SceneDelegate.swift in Sources */,
				5538D33C24BD4172002D7F39 /* AddToDoViewController.swift in Sources */,
				5538D32B24BD34EB002D7F39 /* To_Do_List.xcdatamodeld in Sources */,
			);
			runOnlyForDeploymentPostprocessing = 0;
		};
/* End PBXSourcesBuildPhase section */

/* Begin PBXVariantGroup section */
		5538D32624BD34EB002D7F39 /* Main.storyboard */ = {
			isa = PBXVariantGroup;
			children = (
				5538D32724BD34EB002D7F39 /* Base */,
			);
			name = Main.storyboard;
			sourceTree = "<group>";
		};
		5538D32E24BD34EC002D7F39 /* LaunchScreen.storyboard */ = {
			isa = PBXVariantGroup;
			children = (
				5538D32F24BD34EC002D7F39 /* Base */,
			);
			name = LaunchScreen.storyboard;
			sourceTree = "<group>";
		};
/* End PBXVariantGroup section */

/* Begin XCBuildConfiguration section */
		5538D33224BD34EC002D7F39 /* Debug */ = {
			isa = XCBuildConfiguration;
			buildSettings = {
				ALWAYS_SEARCH_USER_PATHS = NO;
				CLANG_ANALYZER_NONNULL = YES;
				CLANG_ANALYZER_NUMBER_OBJECT_CONVERSION = YES_AGGRESSIVE;
				CLANG_CXX_LANGUAGE_STANDARD = "gnu++14";
				CLANG_CXX_LIBRARY = "libc++";
				CLANG_ENABLE_MODULES = YES;
				CLANG_ENABLE_OBJC_ARC = YES;
				CLANG_ENABLE_OBJC_WEAK = YES;
				CLANG_WARN_BLOCK_CAPTURE_AUTORELEASING = YES;
				CLANG_WARN_BOOL_CONVERSION = YES;
				CLANG_WARN_COMMA = YES;
				CLANG_WARN_CONSTANT_CONVERSION = YES;
				CLANG_WARN_DEPRECATED_OBJC_IMPLEMENTATIONS = YES;
				CLANG_WARN_DIRECT_OBJC_ISA_USAGE = YES_ERROR;
				CLANG_WARN_DOCUMENTATION_COMMENTS = YES;
				CLANG_WARN_EMPTY_BODY = YES;
				CLANG_WARN_ENUM_CONVERSION = YES;
				CLANG_WARN_INFINITE_RECURSION = YES;
				CLANG_WARN_INT_CONVERSION = YES;
				CLANG_WARN_NON_LITERAL_NULL_CONVERSION = YES;
				CLANG_WARN_OBJC_IMPLICIT_RETAIN_SELF = YES;
				CLANG_WARN_OBJC_LITERAL_CONVERSION = YES;
				CLANG_WARN_OBJC_ROOT_CLASS = YES_ERROR;
				CLANG_WARN_RANGE_LOOP_ANALYSIS = YES;
				CLANG_WARN_STRICT_PROTOTYPES = YES;
				CLANG_WARN_SUSPICIOUS_MOVE = YES;
				CLANG_WARN_UNGUARDED_AVAILABILITY = YES_AGGRESSIVE;
				CLANG_WARN_UNREACHABLE_CODE = YES;
				CLANG_WARN__DUPLICATE_METHOD_MATCH = YES;
				COPY_PHASE_STRIP = NO;
				DEBUG_INFORMATION_FORMAT = dwarf;
				ENABLE_STRICT_OBJC_MSGSEND = YES;
				ENABLE_TESTABILITY = YES;
				GCC_C_LANGUAGE_STANDARD = gnu11;
				GCC_DYNAMIC_NO_PIC = NO;
				GCC_NO_COMMON_BLOCKS = YES;
				GCC_OPTIMIZATION_LEVEL = 0;
				GCC_PREPROCESSOR_DEFINITIONS = (
					"DEBUG=1",
					"$(inherited)",
				);
				GCC_WARN_64_TO_32_BIT_CONVERSION = YES;
				GCC_WARN_ABOUT_RETURN_TYPE = YES_ERROR;
				GCC_WARN_UNDECLARED_SELECTOR = YES;
				GCC_WARN_UNINITIALIZED_AUTOS = YES_AGGRESSIVE;
				GCC_WARN_UNUSED_FUNCTION = YES;
				GCC_WARN_UNUSED_VARIABLE = YES;
				IPHONEOS_DEPLOYMENT_TARGET = 13.5;
				MTL_ENABLE_DEBUG_INFO = INCLUDE_SOURCE;
				MTL_FAST_MATH = YES;
				ONLY_ACTIVE_ARCH = YES;
				SDKROOT = iphoneos;
				SWIFT_ACTIVE_COMPILATION_CONDITIONS = DEBUG;
				SWIFT_OPTIMIZATION_LEVEL = "-Onone";
			};
			name = Debug;
		};
		5538D33324BD34EC002D7F39 /* Release */ = {
			isa = XCBuildConfiguration;
			buildSettings = {
				ALWAYS_SEARCH_USER_PATHS = NO;
				CLANG_ANALYZER_NONNULL = YES;
				CLANG_ANALYZER_NUMBER_OBJECT_CONVERSION = YES_AGGRESSIVE;
				CLANG_CXX_LANGUAGE_STANDARD = "gnu++14";
				CLANG_CXX_LIBRARY = "libc++";
				CLANG_ENABLE_MODULES = YES;
				CLANG_ENABLE_OBJC_ARC = YES;
				CLANG_ENABLE_OBJC_WEAK = YES;
				CLANG_WARN_BLOCK_CAPTURE_AUTORELEASING = YES;
				CLANG_WARN_BOOL_CONVERSION = YES;
				CLANG_WARN_COMMA = YES;
				CLANG_WARN_CONSTANT_CONVERSION = YES;
				CLANG_WARN_DEPRECATED_OBJC_IMPLEMENTATIONS = YES;
				CLANG_WARN_DIRECT_OBJC_ISA_USAGE = YES_ERROR;
				CLANG_WARN_DOCUMENTATION_COMMENTS = YES;
				CLANG_WARN_EMPTY_BODY = YES;
				CLANG_WARN_ENUM_CONVERSION = YES;
				CLANG_WARN_INFINITE_RECURSION = YES;
				CLANG_WARN_INT_CONVERSION = YES;
				CLANG_WARN_NON_LITERAL_NULL_CONVERSION = YES;
				CLANG_WARN_OBJC_IMPLICIT_RETAIN_SELF = YES;
				CLANG_WARN_OBJC_LITERAL_CONVERSION = YES;
				CLANG_WARN_OBJC_ROOT_CLASS = YES_ERROR;
				CLANG_WARN_RANGE_LOOP_ANALYSIS = YES;
				CLANG_WARN_STRICT_PROTOTYPES = YES;
				CLANG_WARN_SUSPICIOUS_MOVE = YES;
				CLANG_WARN_UNGUARDED_AVAILABILITY = YES_AGGRESSIVE;
				CLANG_WARN_UNREACHABLE_CODE = YES;
				CLANG_WARN__DUPLICATE_METHOD_MATCH = YES;
				COPY_PHASE_STRIP = NO;
				DEBUG_INFORMATION_FORMAT = "dwarf-with-dsym";
				ENABLE_NS_ASSERTIONS = NO;
				ENABLE_STRICT_OBJC_MSGSEND = YES;
				GCC_C_LANGUAGE_STANDARD = gnu11;
				GCC_NO_COMMON_BLOCKS = YES;
				GCC_WARN_64_TO_32_BIT_CONVERSION = YES;
				GCC_WARN_ABOUT_RETURN_TYPE = YES_ERROR;
				GCC_WARN_UNDECLARED_SELECTOR = YES;
				GCC_WARN_UNINITIALIZED_AUTOS = YES_AGGRESSIVE;
				GCC_WARN_UNUSED_FUNCTION = YES;
				GCC_WARN_UNUSED_VARIABLE = YES;
				IPHONEOS_DEPLOYMENT_TARGET = 13.5;
				MTL_ENABLE_DEBUG_INFO = NO;
				MTL_FAST_MATH = YES;
				SDKROOT = iphoneos;
				SWIFT_COMPILATION_MODE = wholemodule;
				SWIFT_OPTIMIZATION_LEVEL = "-O";
				VALIDATE_PRODUCT = YES;
			};
			name = Release;
		};
		5538D33524BD34EC002D7F39 /* Debug */ = {
			isa = XCBuildConfiguration;
			buildSettings = {
				ASSETCATALOG_COMPILER_APPICON_NAME = AppIcon;
				CODE_SIGN_STYLE = Automatic;
				DEVELOPMENT_TEAM = MZ4FSPB7KX;
				INFOPLIST_FILE = "To Do List/Info.plist";
				LD_RUNPATH_SEARCH_PATHS = (
					"$(inherited)",
					"@executable_path/Frameworks",
				);
				PRODUCT_BUNDLE_IDENTIFIER = "KWK.To-Do-List";
				PRODUCT_NAME = "$(TARGET_NAME)";
				SWIFT_VERSION = 5.0;
				TARGETED_DEVICE_FAMILY = "1,2";
			};
			name = Debug;
		};
		5538D33624BD34EC002D7F39 /* Release */ = {
			isa = XCBuildConfiguration;
			buildSettings = {
				ASSETCATALOG_COMPILER_APPICON_NAME = AppIcon;
				CODE_SIGN_STYLE = Automatic;
				DEVELOPMENT_TEAM = MZ4FSPB7KX;
				INFOPLIST_FILE = "To Do List/Info.plist";
				LD_RUNPATH_SEARCH_PATHS = (
					"$(inherited)",
					"@executable_path/Frameworks",
				);
				PRODUCT_BUNDLE_IDENTIFIER = "KWK.To-Do-List";
				PRODUCT_NAME = "$(TARGET_NAME)";
				SWIFT_VERSION = 5.0;
				TARGETED_DEVICE_FAMILY = "1,2";
			};
			name = Release;
		};
/* End XCBuildConfiguration section */

/* Begin XCConfigurationList section */
		5538D31824BD34EB002D7F39 /* Build configuration list for PBXProject "To Do List" */ = {
			isa = XCConfigurationList;
			buildConfigurations = (
				5538D33224BD34EC002D7F39 /* Debug */,
				5538D33324BD34EC002D7F39 /* Release */,
			);
			defaultConfigurationIsVisible = 0;
			defaultConfigurationName = Release;
		};
		5538D33424BD34EC002D7F39 /* Build configuration list for PBXNativeTarget "To Do List" */ = {
			isa = XCConfigurationList;
			buildConfigurations = (
				5538D33524BD34EC002D7F39 /* Debug */,
				5538D33624BD34EC002D7F39 /* Release */,
			);
			defaultConfigurationIsVisible = 0;
			defaultConfigurationName = Release;
		};
/* End XCConfigurationList section */

/* Begin XCVersionGroup section */
		5538D32924BD34EB002D7F39 /* To_Do_List.xcdatamodeld */ = {
			isa = XCVersionGroup;
			children = (
				5538D32A24BD34EB002D7F39 /* To_Do_List.xcdatamodel */,
			);
			currentVersion = 5538D32A24BD34EB002D7F39 /* To_Do_List.xcdatamodel */;
			path = To_Do_List.xcdatamodeld;
			sourceTree = "<group>";
			versionGroupType = wrapper.xcdatamodel;
		};
/* End XCVersionGroup section */
	};
	rootObject = 5538D31524BD34EB002D7F39 /* Project object */;
}
